# This file is automatically @generated by Cargo.
# It is not intended for manual editing.
version = 4

[[package]]
name = "steward-adapter-fake"
version = "0.0.0"
dependencies = [
 "steward-ports",
 "steward-types",
]

[[package]]
name = "steward-adapter-jira"
version = "0.0.0"
dependencies = [
 "steward-ports",
]

[[package]]
name = "steward-adapter-litellm"
version = "0.0.0"
dependencies = [
 "steward-ports",
]

[[package]]
name = "steward-adapter-mcp-gw"
version = "0.0.0"
dependencies = [
 "steward-ports",
]

[[package]]
name = "steward-adapter-opa"
version = "0.0.0"
dependencies = [
 "steward-ports",
]

[[package]]
name = "steward-adapter-openshell"
version = "0.0.0"
dependencies = [
 "steward-types",
]

[[package]]
name = "steward-adapter-spire"
version = "0.0.0"
dependencies = [
 "steward-ports",
]

[[package]]
name = "steward-admission"
version = "0.0.0"
dependencies = [
 "steward-ports",
 "steward-types",
]

[[package]]
name = "steward-apiserver"
version = "0.0.0"
dependencies = [
 "steward-admission",
 "steward-ports",
 "steward-store",
 "steward-types",
]

[[package]]
name = "steward-controller"
version = "0.0.0"
dependencies = [
 "steward-admission",
 "steward-ports",
 "steward-store",
 "steward-types",
]

[[package]]
name = "steward-ports"
version = "0.0.0"
dependencies = [
 "steward-types",
]

[[package]]
name = "steward-store"
version = "0.0.0"
dependencies = [
 "steward-types",
]

[[package]]
name = "steward-types"
version = "0.0.0"

[[package]]
name = "xtask"
version = "0.0.0"
dependencies = [
 "steward-adapter-fake",
 "steward-adapter-jira",
 "steward-adapter-litellm",
 "steward-adapter-mcp-gw",
 "steward-adapter-opa",
 "steward-adapter-openshell",
 "steward-adapter-spire",
 "steward-ports",
]
